{
  "lockfileVersion": 2,
  "configVersion": 1,
  "workspaces": {
    "": {
      "name": "indexnow-relay",
      "dependencies": {
        "@orpc/contract": "2.0.0-beta.30",
        "@orpc/openapi": "2.0.0-beta.30",
        "@orpc/server": "2.0.0-beta.30",
        "@standard-schema/spec": "^1.1.0",
        "typia": "^14.0.2",
      },
      "devDependencies": {
        "@ttsc/unplugin": "^0.28.1",
        "@types/bun": "^1.4.0",
        "ttsc": "^0.28.1",
        "typescript": "^7.0.2",
      },
    },
  },
  "packages": {
    "@hey-api/spec-types": ["@hey-api/spec-types@0.0.0-next-20260408030107", "", { "dependencies": { "@hey-api/types": "0.1.4" } }, "sha512-P5DKr4dpZ7lmZpZt2bc2KWuzU9vl4GZcN7VrjchZF1WWKNGZFnwWhBxZo1t6P2muOCopIvqD2Fvp5os4QiitKA=="],

    "@hey-api/types": ["@hey-api/types@0.1.4", "", {}, "sha512-thWfawrDIP7wSI9ioT13I5soaaqB5vAPIiZmgD8PbeEVKNrkonc0N/Sjj97ezl7oQgusZmaNphGdMKipPO6IBg=="],

    "@jridgewell/gen-mapping": ["@jridgewell/gen-mapping@0.3.13", "", { "dependencies": { "@jridgewell/sourcemap-codec": "^1.5.0", "@jridgewell/trace-mapping": "^0.3.24" } }, "sha512-2kkt/7niJ6MgEPxF0bYdQ6etZaA+fQvDcLKckhy1yIQOzaoKjBBjSj63/aLVjYE3qhRt5dvM+uUyfCg6UKCBbA=="],

    "@jridgewell/remapping": ["@jridgewell/remapping@2.3.5", "", { "dependencies": { "@jridgewell/gen-mapping": "^0.3.5", "@jridgewell/trace-mapping": "^0.3.24" } }, "sha512-LI9u/+laYG4Ds1TDKSJW2YPrIlcVYOwi2fUC6xB43lueCjgxV4lffOCZCtYFiH6TNOX+tQKXx97T4IKHbhyHEQ=="],

    "@jridgewell/resolve-uri": ["@jridgewell/resolve-uri@3.1.2", "", {}, "sha512-bRISgCIjP20/tbWSPWMEi54QVPRZExkuD9lJL+UIxUKtwVJA8wW1Trb1jMs1RFXo1CBTNZ/5hpC9QvmKWdopKw=="],

    "@jridgewell/sourcemap-codec": ["@jridgewell/sourcemap-codec@1.5.5", "", {}, "sha512-cYQ9310grqxueWbl+WuIUIaiUaDcj7WOq5fVhEljNVgRfOUhY9fy2zTvfoqWsnebh8Sl70VScFbICvJnLKB0Og=="],

    "@jridgewell/trace-mapping": ["@jridgewell/trace-mapping@0.3.31", "", { "dependencies": { "@jridgewell/resolve-uri": "^3.1.0", "@jridgewell/sourcemap-codec": "^1.4.14" } }, "sha512-zzNR+SdQSDJzc8joaeP8QQoCQr8NuYx2dIIytl1QeBEZHJ9uW6hebsrYgbz8hJwUQao3TWCMtmfV8Nu1twOLAw=="],

    "@orpc/client": ["@orpc/client@2.0.0-beta.30", "", { "dependencies": { "@orpc/shared": "2.0.0-beta.30", "@standardserver/core": "^0.8.0", "@standardserver/fetch": "^0.8.0", "@standardserver/peer": "^0.8.0" } }, "sha512-WpV+S2m43qxl+ZLZxnpTYMpJdpTGakzcd3Hej5q22PTKfY1FMe4O25RWUZZ8ClVPh5f0BBqjrIZpIE8L/8yrWg=="],

    "@orpc/contract": ["@orpc/contract@2.0.0-beta.30", "", { "dependencies": { "@orpc/client": "2.0.0-beta.30", "@orpc/shared": "2.0.0-beta.30", "@standard-schema/spec": "^1.1.0" } }, "sha512-Drccy5KJaEqsbWYrn7XDEadQ8Wt0o2db1GaWzwtHEq9Cq8fVp3Iozw9nS0ccI6hsi/Uvwqpnu/J+C+F/68aAyg=="],

    "@orpc/json-schema": ["@orpc/json-schema@2.0.0-beta.30", "", { "dependencies": { "@orpc/client": "2.0.0-beta.30", "@orpc/contract": "2.0.0-beta.30", "@orpc/server": "2.0.0-beta.30", "@orpc/shared": "2.0.0-beta.30", "@standard-schema/spec": "^1.1.0", "json-schema-typed": "^8.0.2" } }, "sha512-E4eS0UDWwGp1CsILtLgQE743gWXMONBcaXMmbD8UUOdmgTELbFgwcQYPzGEsdEqprgi20Y5kl4sRNyezgSWPEA=="],

    "@orpc/openapi": ["@orpc/openapi@2.0.0-beta.30", "", { "dependencies": { "@hey-api/spec-types": "0.0.0-next-20260408030107", "@orpc/client": "2.0.0-beta.30", "@orpc/contract": "2.0.0-beta.30", "@orpc/json-schema": "2.0.0-beta.30", "@orpc/server": "2.0.0-beta.30", "@orpc/shared": "2.0.0-beta.30", "@standardserver/core": "^0.8.0", "@standardserver/fetch": "^0.8.0", "rou3": "^0.9.1" }, "peerDependencies": { "@scalar/api-reference": ">=1.57.2", "@types/swagger-ui": ">=5.32.0", "swagger-ui": ">=5.32.6" }, "optionalPeers": ["@scalar/api-reference", "@types/swagger-ui", "swagger-ui"] }, "sha512-0OYlibySCSDrfS626wJSUm04CsQq0unRouZuuzZeF15Z1acM7OBEvy3c4SEQvTur0grPaPazIvv3P8aXXceYgA=="],

    "@orpc/server": ["@orpc/server@2.0.0-beta.30", "", { "dependencies": { "@orpc/client": "2.0.0-beta.30", "@orpc/contract": "2.0.0-beta.30", "@orpc/shared": "2.0.0-beta.30", "@standardserver/aws-lambda": "^0.8.0", "@standardserver/core": "^0.8.0", "@standardserver/fastify": "^0.8.0", "@standardserver/fetch": "^0.8.0", "@standardserver/node": "^0.8.0", "@standardserver/peer": "^0.8.0", "cookie": "^2.0.1" }, "peerDependencies": { "crossws": ">=0.3.4", "fastify": ">=5.6.1" }, "optionalPeers": ["crossws", "fastify"] }, "sha512-7/R4vsykEorXty8B3bF1SbhmJoQxwRuC1jF9ntalcfT7F8paSr2E7ZiZH7A605bSTCvUazdnWHJcnCFQgByLDQ=="],

    "@orpc/shared": ["@orpc/shared@2.0.0-beta.30", "", { "dependencies": { "@standardserver/shared": "^0.8.0", "radash": "^12.1.1", "type-fest": "^5.3.1" }, "peerDependencies": { "@opentelemetry/api": ">=1.9.0" }, "optionalPeers": ["@opentelemetry/api"] }, "sha512-zQNMlVyc4P6c8vEwoskAaQtUA6sw3uDrwyZibJs4RGlUjxN5koZexyAmmfyywyjedVi70/IPef3g+bhlf1Njew=="],

    "@standard-schema/spec": ["@standard-schema/spec@1.1.0", "", {}, "sha512-l2aFy5jALhniG5HgqrD6jXLi/rUWrKvqN/qJx6yoJsgKhblVd+iqqU4RCXavm/jPityDo5TCvKMnpjKnOriy0w=="],

    "@standardserver/aws-lambda": ["@standardserver/aws-lambda@0.8.0", "", { "dependencies": { "@standardserver/core": "0.8.0", "@standardserver/fetch": "0.8.0", "@standardserver/node": "0.8.0", "@standardserver/shared": "0.8.0" } }, "sha512-5fa8KQ1mFNyu8qRfHSshe4ta4Qbv621qsDT/Sed/bWe0ZzrXMOCEtKE5wyEv/S3co7Vb0+u0pF1oIGtYf49iwA=="],

    "@standardserver/core": ["@standardserver/core@0.8.0", "", { "dependencies": { "@standardserver/shared": "0.8.0" } }, "sha512-2qpqMckZ2UMdeSoxUsvunPfkIeHSahW+LtIsMfHP7L8jEOAtWt1c1/RTKFB7AwNSHGPhQm5JEMpYNgM/N7j2lQ=="],

    "@standardserver/fastify": ["@standardserver/fastify@0.8.0", "", { "dependencies": { "@standardserver/core": "0.8.0", "@standardserver/node": "0.8.0" }, "peerDependencies": { "fastify": ">=5.6.1" }, "optionalPeers": ["fastify"] }, "sha512-nEnFDgb0UwY5PX+PEfP3hG3IKJQvk889Hief6EW3EtjWOPwMW5clBGhW59UJKqP4Z9kTTV040hmpFLZwfVlo4A=="],

    "@standardserver/fetch": ["@standardserver/fetch@0.8.0", "", { "dependencies": { "@standardserver/core": "0.8.0", "@standardserver/shared": "0.8.0" } }, "sha512-i8M8+d4+RXrGJ2MXUlEX2TPHMYozlxEQ9Ei7RJjza2nNjw1xYPn8tcfmDXa06/CvoiAB/Yh0aPfUJDel+i9frw=="],

    "@standardserver/node": ["@standardserver/node@0.8.0", "", { "dependencies": { "@standardserver/core": "0.8.0", "@standardserver/fetch": "0.8.0", "@standardserver/shared": "0.8.0" } }, "sha512-+AwPjh7Kbjqftvvc0qx4f2uFifihbEHiwqIBC7tvEYsO39j7S6ofOvxInsxT6p3LxolovA/XBkLQ3qya7eHntA=="],

    "@standardserver/peer": ["@standardserver/peer@0.8.0", "", { "dependencies": { "@standardserver/core": "0.8.0", "@standardserver/shared": "0.8.0" } }, "sha512-BWUYJccfTVXPbo1rV4F5+AZwPrvQBCA3/R5MIOeobkJLp0vBkldx1LU5Bfj5wMcWN3NKY7E2XV4o0O53t5zT9w=="],

    "@standardserver/shared": ["@standardserver/shared@0.8.0", "", {}, "sha512-z+w4hhiPeokm09Rwt172KlU4FHKVlCaw12nTQPYAD6xGrsProzH9Ex7/+qLtcSEwGWp8h0Fi6E8Z6dfyKXMNqw=="],

    "@ttsc/darwin-arm64": ["@ttsc/darwin-arm64@0.28.1", "", { "os": "darwin", "cpu": "arm64" }, "sha512-DNEcf5b/Z4RwFqfeHiN29+9aW/A/2XG+CUNLNBLftGCR24wbr6mlK+vgeurWEVyT3cVB4uVYfVpQo25VKvJ/gA=="],

    "@ttsc/darwin-x64": ["@ttsc/darwin-x64@0.28.1", "", { "os": "darwin", "cpu": "x64" }, "sha512-MCecQQ9d9GaSE+7n4I0xK6Z/UsB/NaWYcB35ZN7rVJ8WSb8o8WB1tvS+WTuYNXAuK4KVsnv6YVNwY8kyROfClw=="],

    "@ttsc/linux-arm": ["@ttsc/linux-arm@0.28.1", "", { "os": "linux", "cpu": "arm" }, "sha512-8x2SyV7FC4r/IphhxJxS09BwrXHnKN3vQMj2gUwTDoZXKnXL7sJO1M0Ulm5N05F6tKvKkil9HPGu4Srhar5eoQ=="],

    "@ttsc/linux-arm64": ["@ttsc/linux-arm64@0.28.1", "", { "os": "linux", "cpu": "arm64" }, "sha512-pXAAJhdobYuEXQ7oKLMQ2y8RP8YDWFIrvayWPpPJQJdo4DViyX2iGC6rgUUYwpAkDXonxJ9Tk6qZtRZGBHNwSw=="],

    "@ttsc/linux-x64": ["@ttsc/linux-x64@0.28.1", "", { "os": "linux", "cpu": "x64" }, "sha512-2deTIhHV3Z9G1hbEzs4YsPTqxKXflnKkkKdup6LUD62ZEa/KQbNGZnsnIoFw41R8uaux+225kCMi8H77KAPocQ=="],

    "@ttsc/unplugin": ["@ttsc/unplugin@0.28.1", "", { "dependencies": { "unplugin": "^2.3.11" }, "peerDependencies": { "ttsc": "^0.28.1" } }, "sha512-JJzSXxWrOHYrlnM3yj3mNGd56HTdwLukzXpQ0ow1fZvCzntmB2+6QbtYrEcZM9H9cUeROT0PtfscAUuNLBncrA=="],

    "@ttsc/win32-arm64": ["@ttsc/win32-arm64@0.28.1", "", { "os": "win32", "cpu": "arm64" }, "sha512-JjHCOFYCQLyB9je0T+90RMn1NZY8BavMQHyJZi91qugiLbQLO6JzZMVISG8qQRuEPHpXNE8wqb8+B68NnGER/g=="],

    "@ttsc/win32-x64": ["@ttsc/win32-x64@0.28.1", "", { "os": "win32", "cpu": "x64" }, "sha512-dqvfvb0hXNHRm9eJEMt/YVkHfLd327/AFrZH1sNCemYEbLaCT543Zdv2qMMT4RyJiAGTo0TeXhyHBRaga63/BQ=="],

    "@types/bun": ["@types/bun@1.4.0", "", { "dependencies": { "bun-types": "1.4.0" } }, "sha512-K+lZULY23vRgK/CfTjFIV+tyifaNdSMlPh9j+6mQ/cLfpOznLyAuzgV/JQysyECpkBQLVMSyvjlr2fBUSA9wFQ=="],

    "@types/node": ["@types/node@26.2.0", "", { "dependencies": { "undici-types": "~8.3.0" } }, "sha512-5IviulTZeRNp2vAJ514cc/HUlY5nZ9fCbq9DMyC52BrhFZACo3nI0R7qBxhQmo/d27NFe96ur/b7Wwxklda+kg=="],

    "@typescript/typescript-aix-ppc64": ["@typescript/typescript-aix-ppc64@7.0.2", "", { "os": "aix", "cpu": "ppc64" }, "sha512-MTKKkWB7p/0E9xi1d1tHtZ5PiLkGEMIq88pK2CubZjOsLtYTLqhgIgi6zepFa+9GHZ6h05NMCkQxGKiPXMxXtQ=="],

    "@typescript/typescript-darwin-arm64": ["@typescript/typescript-darwin-arm64@7.0.2", "", { "os": "darwin", "cpu": "arm64" }, "sha512-gowzar9MwS/aRWp6f3a4KUqzRjAZjOsmGNCM6LcTgXum+dBfgsBVMN+AgvOCCbguXyick6LJhpBszxMebJ8syA=="],

    "@typescript/typescript-darwin-x64": ["@typescript/typescript-darwin-x64@7.0.2", "", { "os": "darwin", "cpu": "x64" }, "sha512-SZ9xZInqApNlNGc9s0W1VSsktYSOe9cFqNOIqmN1Gs8SmkjKZYFt017G4VwPxASInODuAdbTW7sXiFUf893RgA=="],

    "@typescript/typescript-freebsd-arm64": ["@typescript/typescript-freebsd-arm64@7.0.2", "", { "os": "freebsd", "cpu": "arm64" }, "sha512-W5NH4y/J0plIIS5b2xvTEkU7JFxyqdMAOgf+Ilhl0vHQXKO5dZoxd+C/jEtq56c4F3wk71RB4BMRQ2XdI+bwYQ=="],

    "@typescript/typescript-freebsd-x64": ["@typescript/typescript-freebsd-x64@7.0.2", "", { "os": "freebsd", "cpu": "x64" }, "sha512-UMGDx5sTpzNw3WiPebH7l90IWfJggEd+egHt/q6p7/Cm3zqoV7VxkGXt+3DxPIw8CcmvAB0j3sVVfbhX+M4Tpw=="],

    "@typescript/typescript-linux-arm": ["@typescript/typescript-linux-arm@7.0.2", "", { "os": "linux", "cpu": "arm" }, "sha512-gffT3xPz9sR7j/YJExkyPntrI0P2EP9XbOyWzth2/Gs0RstK+90RBcO0ncXoXy/beYll1SXw846Nf2zdnEz0QQ=="],

    "@typescript/typescript-linux-arm64": ["@typescript/typescript-linux-arm64@7.0.2", "", { "os": "linux", "cpu": "arm64" }, "sha512-Qh4eU4/y3yDjnfjjyPYihMj5/ODIlmt+Bzu17OI+fiSRDW57QmU5SiN63exPRNJPKUzcc1INa1NXdrJ+MqHjUQ=="],

    "@typescript/typescript-linux-loong64": ["@typescript/typescript-linux-loong64@7.0.2", "", { "os": "linux", "cpu": "none" }, "sha512-uEHck9i8hoAzXPiYRib1O7miOnz23SxIeVl6F4LXox+qov1K35jHcEW6VHKvZI+pyvl7fZEP4MCU5LYvIq1GuQ=="],

    "@typescript/typescript-linux-mips64el": ["@typescript/typescript-linux-mips64el@7.0.2", "", { "os": "linux", "cpu": "none" }, "sha512-R4KvAMnE43W5Qeqb0Ly56O3mWMWIAgsMyz36DCaycd5nbg/9kzm0liw3JocfRqyJY0KPmzFjbswozXyW0DnIYA=="],

    "@typescript/typescript-linux-ppc64": ["@typescript/typescript-linux-ppc64@7.0.2", "", { "os": "linux", "cpu": "ppc64" }, "sha512-DORx5b3sd/4S7eayxm4FQv+A7CrkUIGRaHiwI8oiHTAI1fAPWhF4J0vAlkC8biAlHSVVwxMQ3tjZ2/DVbnQiiA=="],

    "@typescript/typescript-linux-riscv64": ["@typescript/typescript-linux-riscv64@7.0.2", "", { "os": "linux", "cpu": "none" }, "sha512-wf0jqEDOjrPRnKwYRyyJDRo11KMbvMFrU+q4zqKyChODBzvlkbhNQfKvLxQCcwTpdDaXSHZTVuh0JoCrKCUMHQ=="],

    "@typescript/typescript-linux-s390x": ["@typescript/typescript-linux-s390x@7.0.2", "", { "os": "linux", "cpu": "s390x" }, "sha512-IkwJc3L7yhytWd/ewjyxNDfOmswCm9GWMJT/ue/dU4aZNbwZeYAetq42VyLmsmSjvoX7z74X6ZaYCtzAr0EuGw=="],

    "@typescript/typescript-linux-x64": ["@typescript/typescript-linux-x64@7.0.2", "", { "os": "linux", "cpu": "x64" }, "sha512-EYdf2cNg7rgCWJnxCdJ+F3V39O8ihb37eHAu1LK8oAFizgTQbPOK7zHHXbPt8rX24COqODXeI3sIf0fCXG7H/A=="],

    "@typescript/typescript-netbsd-arm64": ["@typescript/typescript-netbsd-arm64@7.0.2", "", { "os": "none", "cpu": "arm64" }, "sha512-+polYF4MF04aPpO5FTkHran9yUQDSXqy5GiSDKpsll5jy3l3+g9QLhpf39T+ePtefhXLOGrLl0QIjkQP6VnelA=="],

    "@typescript/typescript-netbsd-x64": ["@typescript/typescript-netbsd-x64@7.0.2", "", { "os": "none", "cpu": "x64" }, "sha512-8YIT0EHM/3dq10ZOVF/A7pc/YSMtbcecct4rWtexrnSCHOPcpC2KTLXfTCR6vDpnSiY12heNb1GiN/wu+T/FyA=="],

    "@typescript/typescript-openbsd-arm64": ["@typescript/typescript-openbsd-arm64@7.0.2", "", { "os": "openbsd", "cpu": "arm64" }, "sha512-APT8+ClYnuYm1u9+kgGXoMj2VzWzcymwh2gNSQVySHfkRDGOTVkoWLjCmOQSaO+PoqQ57B0flRp9SA+7GnnkzQ=="],

    "@typescript/typescript-openbsd-x64": ["@typescript/typescript-openbsd-x64@7.0.2", "", { "os": "openbsd", "cpu": "x64" }, "sha512-yX7s+Q0Dln0Dt9tEzZsAjXXR/+ytBM7AlglaqyeMPxQszJ1JhlJdZ6jLA+IzldHtflX81em7lDao1xXu+aRRkg=="],

    "@typescript/typescript-sunos-x64": ["@typescript/typescript-sunos-x64@7.0.2", "", { "os": "sunos", "cpu": "x64" }, "sha512-dLJDGaLZ1D4HPQn62u1n8mBDkJREwMsAkCdkwd4Ieqw+x3TUyTsqY0YiBCtE6H6OzzgGk3iuZ3vFWRS+E8/d1g=="],

    "@typescript/typescript-win32-arm64": ["@typescript/typescript-win32-arm64@7.0.2", "", { "os": "win32", "cpu": "arm64" }, "sha512-Gyl1Vy6OsWesLzmq+EP0Fb7b4Nid5232AvcA2SFcdYreldpNtYFFofPjnt62y9hQy7VTaZp65ICJjuAQRaVcIQ=="],

    "@typescript/typescript-win32-x64": ["@typescript/typescript-win32-x64@7.0.2", "", { "os": "win32", "cpu": "x64" }, "sha512-0BQ3HkAHHlKLSp1qRvf3SUhGpGsDuhB/jgFw75guyqbxJqEaS0Cw/VFO8i2nHglJUzQCRtMMR/IBAKE3ETMC4g=="],

    "@typia/interface": ["@typia/interface@14.0.2", "", {}, "sha512-2P/f5s3js/Yw3x7JJuM6jjhyWON3/asnXGE0p2n6WV4KxTgTWO1Qj/euPN8Y5+mfiYQuq8TcIRBekVyjyFlVWQ=="],

    "@typia/utils": ["@typia/utils@14.0.2", "", { "dependencies": { "@typia/interface": "^14.0.2" } }, "sha512-lDeWtIv6IF06bhuJJGxu/BkUrasJyxSYgIZ246lFTZxW53BhNnRoc+LaJSmbj/V39409PY3n7dotNVdVytY7fA=="],

    "acorn": ["acorn@8.18.0", "", { "bin": { "acorn": "bin/acorn" } }, "sha512-lGq+9yr1/GuAWaVYIHRjvvySG5/4VfKIvC8EWxStPdcDh/Ka7FG3twP6v4d5BkravUilhIAsG4Qj83t02LWUPQ=="],

    "bun-types": ["bun-types@1.4.0", "", { "dependencies": { "@types/node": "*" } }, "sha512-iIKw23BspnQQYd3prITOBxeUsxBHnwzX6YJfGMuNOZzeNcMmVqzIIVGRm1l69ogaPQmb4wB6BN8mA5bE9YuC5Q=="],

    "cookie": ["cookie@2.0.1", "", {}, "sha512-yuToqVvRrj6pfDXREyQAAv8SkAEk/8GS3jQRTiUMm66TVtBYmqQeoEjL2Lmq8Rpo6271vH76InTChTitEAm65w=="],

    "drange": ["drange@1.1.1", "", {}, "sha512-pYxfDYpued//QpnLIm4Avk7rsNtAtQkUES2cwAYSvD/wd2pKD71gN2Ebj3e7klzXwjocvE8c5vx/1fxwpqmSxA=="],

    "json-schema-typed": ["json-schema-typed@8.0.2", "", {}, "sha512-fQhoXdcvc3V28x7C7BMs4P5+kNlgUURe2jmUT1T//oBRMDrqy1QPelJimwZGo7Hg9VPV3EQV5Bnq4hbFy2vetA=="],

    "picomatch": ["picomatch@4.0.5", "", {}, "sha512-RvwwcruNjI1ncT5xRakeyS9Lf8lcItv34KD+aif+VH9kduAyfYBipGh12274xtenIPZ119/R9BdTBa8gAwSh0A=="],

    "radash": ["radash@12.1.1", "", {}, "sha512-h36JMxKRqrAxVD8201FrCpyeNuUY9Y5zZwujr20fFO77tpUtGa6EZzfKw/3WaiBX95fq7+MpsuMLNdSnORAwSA=="],

    "randexp": ["randexp@0.5.3", "", { "dependencies": { "drange": "^1.0.2", "ret": "^0.2.0" } }, "sha512-U+5l2KrcMNOUPYvazA3h5ekF80FHTUG+87SEAmHZmolh1M+i/WyTCxVzmi+tidIa1tM4BSe8g2Y/D3loWDjj+w=="],

    "ret": ["ret@0.2.2", "", {}, "sha512-M0b3YWQs7R3Z917WRQy1HHA7Ba7D8hvZg6UE5mLykJxQVE2ju0IXbGlaHPPlkY+WN7wFP+wUMXmBFA0aV6vYGQ=="],

    "rou3": ["rou3@0.9.2", "", {}, "sha512-3SOzvaAg8rkHrXtRjpCvCvbyO5to9oOO27Z/XqHEYXfMRVSw/qMIVdmaOk9W2lcRLtR6dlqTjo9hDeJk70QBYQ=="],

    "tagged-tag": ["tagged-tag@1.0.0", "", {}, "sha512-yEFYrVhod+hdNyx7g5Bnkkb0G6si8HJurOoOEgC8B/O0uXLHlaey/65KRv6cuWBNhBgHKAROVpc7QyYqE5gFng=="],

    "ttsc": ["ttsc@0.28.1", "", { "optionalDependencies": { "@ttsc/darwin-arm64": "0.28.1", "@ttsc/darwin-x64": "0.28.1", "@ttsc/linux-arm": "0.28.1", "@ttsc/linux-arm64": "0.28.1", "@ttsc/linux-x64": "0.28.1", "@ttsc/win32-arm64": "0.28.1", "@ttsc/win32-x64": "0.28.1" }, "bin": { "ttsc": "lib/launcher/ttsc.js", "ttscserver": "lib/launcher/ttscserver.js", "ttsx": "lib/launcher/ttsx.js" } }, "sha512-OCUun5oRR+AjqOgcC3znvwd7DGyHxsueiwg5lI3H2EjUEP+VkY2Ix3ccQYLbX3vMUITYuuM4mir4r6ClkWHWLQ=="],

    "type-fest": ["type-fest@5.8.0", "", { "dependencies": { "tagged-tag": "^1.0.0" } }, "sha512-YGYEVz3Fm5iy/AybuA0oyNFq7H4CgQNfRp/qfe8nurE1kuCeNm3/vfm9X4Mtl+qLyaKJUh5xrFZwogr41SMjYA=="],

    "typescript": ["typescript@7.0.2", "", { "optionalDependencies": { "@typescript/typescript-aix-ppc64": "7.0.2", "@typescript/typescript-darwin-arm64": "7.0.2", "@typescript/typescript-darwin-x64": "7.0.2", "@typescript/typescript-freebsd-arm64": "7.0.2", "@typescript/typescript-freebsd-x64": "7.0.2", "@typescript/typescript-linux-arm": "7.0.2", "@typescript/typescript-linux-arm64": "7.0.2", "@typescript/typescript-linux-loong64": "7.0.2", "@typescript/typescript-linux-mips64el": "7.0.2", "@typescript/typescript-linux-ppc64": "7.0.2", "@typescript/typescript-linux-riscv64": "7.0.2", "@typescript/typescript-linux-s390x": "7.0.2", "@typescript/typescript-linux-x64": "7.0.2", "@typescript/typescript-netbsd-arm64": "7.0.2", "@typescript/typescript-netbsd-x64": "7.0.2", "@typescript/typescript-openbsd-arm64": "7.0.2", "@typescript/typescript-openbsd-x64": "7.0.2", "@typescript/typescript-sunos-x64": "7.0.2", "@typescript/typescript-win32-arm64": "7.0.2", "@typescript/typescript-win32-x64": "7.0.2" }, "bin": { "tsc": "bin/tsc" } }, "sha512-8FYau96o3NKOhbjKi/qNvG/W5jhzxkbdm5sj9AbZ/5T5sWqn3hJgLfGx27sRKZWTvyzCP8dLRBTf5tBTSRVUNA=="],

    "typia": ["typia@14.0.2", "", { "dependencies": { "@typia/interface": "^14.0.2", "@typia/utils": "^14.0.2", "randexp": "^0.5.3" }, "peerDependencies": { "ttsc": ">=0.19.2" }, "optionalPeers": ["ttsc"] }, "sha512-yyqPAX+/0Wg1L4W/eglQjeZvEOQJrV9tH8m6rOJ06qEDXmZDsDidjysOSuuxEBha623hNPgwnU/YpymKn4PRlQ=="],

    "undici-types": ["undici-types@8.3.0", "", {}, "sha512-j375ScV60dom+YkPFIfTLcOiPxkN/buHz5GobjLhixFuANaNs3C9l4GmrWqejgXWJ7BbJcFYpTEUkS1Ge8bpZQ=="],

    "unplugin": ["unplugin@2.3.11", "", { "dependencies": { "@jridgewell/remapping": "^2.3.5", "acorn": "^8.15.0", "picomatch": "^4.0.3", "webpack-virtual-modules": "^0.6.2" } }, "sha512-5uKD0nqiYVzlmCRs01Fhs2BdkEgBS3SAVP6ndrBsuK42iC2+JHyxM05Rm9G8+5mkmRtzMZGY8Ct5+mliZxU/Ww=="],

    "webpack-virtual-modules": ["webpack-virtual-modules@0.6.2", "", {}, "sha512-66/V2i5hQanC51vBQKPH4aI8NMAcBW59FVBs+rC7eGHupMyfn34q7rZIE+ETlJ+XTevqfUhVVBgSUNSW2flEUQ=="],
  }
}
